#MicroXplorer Configuration settings - do not modify
CAD.formats=
CAD.pinconfig=
CAD.provider=
Dma.Request0=SPI1_TX
Dma.RequestsNb=1
Dma.SPI1_TX.0.Direction=DMA_MEMORY_TO_PERIPH
Dma.SPI1_TX.0.EventEnable=DISABLE
Dma.SPI1_TX.0.Instance=DMA1_Channel1
Dma.SPI1_TX.0.MemDataAlignment=DMA_MDATAALIGN_HALFWORD
Dma.SPI1_TX.0.MemInc=DMA_MINC_ENABLE
Dma.SPI1_TX.0.Mode=DMA_CIRCULAR
Dma.SPI1_TX.0.PeriphDataAlignment=DMA_PDATAALIGN_HALFWORD
Dma.SPI1_TX.0.PeriphInc=DMA_PINC_DISABLE
Dma.SPI1_TX.0.Polarity=HAL_DMAMUX_REQ_GEN_RISING
Dma.SPI1_TX.0.Priority=DMA_PRIORITY_LOW
Dma.SPI1_TX.0.RequestNumber=1
Dma.SPI1_TX.0.RequestParameters=Instance,Direction,PeriphInc,MemInc,PeriphDataAlignment,MemDataAlignment,Mode,Priority,SignalID,Polarity,RequestNumber,SyncSignalID,SyncPolarity,SyncEnable,EventEnable,SyncRequestNumber
Dma.SPI1_TX.0.SignalID=NONE
Dma.SPI1_TX.0.SyncEnable=DISABLE
Dma.SPI1_TX.0.SyncPolarity=HAL_DMAMUX_SYNC_NO_EVENT
Dma.SPI1_TX.0.SyncRequestNumber=1
Dma.SPI1_TX.0.SyncSignalID=NONE
File.Version=6
GPIO.groupedBy=Group By Peripherals
I2C3.I2C_Speed_Mode=I2C_Fast
I2C3.IPParameters=Timing,I2C_Speed_Mode
I2C3.Timing=0x00C12166
I2S1.AudioFreq=I2S_AUDIOFREQ_44K
I2S1.ErrorAudioFreq=1.0 %
I2S1.FullDuplexMode=I2S_FULLDUPLEXMODE_DISABLE
I2S1.IPParameters=Instance,VirtualMode,FullDuplexMode,RealAudioFreq,ErrorAudioFreq,AudioFreq
I2S1.Instance=SPI$Index
I2S1.RealAudioFreq=44.444 KHz
I2S1.VirtualMode=I2S_MODE_MASTER
KeepUserPlacement=false
LPUART1.BaudRate=115200
LPUART1.IPParameters=BaudRate,WordLength
LPUART1.WordLength=UART_WORDLENGTH_8B
Mcu.CPN=STM32G0B1CBT6
Mcu.Family=STM32G0
Mcu.IP0=DMA
Mcu.IP1=I2C3
Mcu.IP2=I2S1
Mcu.IP3=LPUART1
Mcu.IP4=NVIC
Mcu.IP5=RCC
Mcu.IP6=RTC
Mcu.IP7=SPI2
Mcu.IP8=SYS
Mcu.IPNb=9
Mcu.Name=STM32G0B1C(B-C-E)Tx
Mcu.Package=LQFP48
Mcu.Pin0=PC13
Mcu.Pin1=PC14-OSC32_IN (PC14)
Mcu.Pin10=PA6
Mcu.Pin11=PA7
Mcu.Pin12=PB2
Mcu.Pin13=PB11
Mcu.Pin14=PC6
Mcu.Pin15=PA12 [PA10]
Mcu.Pin16=PA13
Mcu.Pin17=PA14-BOOT0
Mcu.Pin18=VP_RTC_VS_RTC_Activate
Mcu.Pin19=VP_RTC_VS_RTC_Calendar
Mcu.Pin2=PC15-OSC32_OUT (PC15)
Mcu.Pin20=VP_SYS_VS_Systick
Mcu.Pin21=VP_SYS_VS_DBSignals
Mcu.Pin3=PF0-OSC_IN (PF0)
Mcu.Pin4=PF1-OSC_OUT (PF1)
Mcu.Pin5=PA0
Mcu.Pin6=PA1
Mcu.Pin7=PA2
Mcu.Pin8=PA3
Mcu.Pin9=PA4
Mcu.PinsNb=22
Mcu.ThirdPartyNb=0
Mcu.UserConstants=
Mcu.UserName=STM32G0B1CBTx
MxCube.Version=6.17.0
MxDb.Version=DB.6.0.170
NVIC.DMA1_Channel1_IRQn=true\:0\:0\:false\:false\:true\:false\:true\:true
NVIC.ForceEnableDMAVector=true
NVIC.HardFault_IRQn=true\:0\:0\:false\:false\:true\:false\:false\:false
NVIC.I2C2_3_IRQn=true\:0\:0\:false\:false\:true\:true\:true\:true
NVIC.NonMaskableInt_IRQn=true\:0\:0\:false\:false\:true\:false\:false\:false
NVIC.PendSV_IRQn=true\:0\:0\:false\:false\:true\:false\:false\:false
NVIC.SPI2_3_IRQn=true\:0\:0\:false\:false\:true\:true\:true\:true
NVIC.SVC_IRQn=true\:0\:0\:false\:false\:true\:false\:false\:true
NVIC.SysTick_IRQn=true\:3\:0\:false\:false\:true\:false\:true\:false
PA0.Mode=Full_Duplex_Master
PA0.Signal=SPI2_SCK
PA1.Mode=Half_Duplex_Master
PA1.Signal=I2S1_CK
PA12\ [PA10].Mode=Half_Duplex_Master
PA12\ [PA10].Signal=I2S1_SD
PA13.Locked=true
PA13.Mode=Serial_Wire
PA13.Signal=SYS_SWDIO
PA14-BOOT0.Locked=true
PA14-BOOT0.Mode=Serial_Wire
PA14-BOOT0.Signal=SYS_SWCLK
PA2.Locked=true
PA2.Mode=Asynchronous
PA2.Signal=LPUART1_TX
PA3.Locked=true
PA3.Mode=Asynchronous
PA3.Signal=LPUART1_RX
PA4.Mode=Half_Duplex_Master
PA4.Signal=I2S1_WS
PA6.Mode=I2C
PA6.Signal=I2C3_SDA
PA7.Mode=I2C
PA7.Signal=I2C3_SCL
PB11.Mode=Full_Duplex_Master
PB11.Signal=SPI2_MOSI
PB2.Mode=Full_Duplex_Master
PB2.Signal=SPI2_MISO
PC13.GPIOParameters=GPIO_PuPd,GPIO_Label
PC13.GPIO_Label=PCB_BUTTON
PC13.GPIO_PuPd=GPIO_PULLDOWN
PC13.Locked=true
PC13.Signal=GPIO_Input
PC14-OSC32_IN\ (PC14).Locked=true
PC14-OSC32_IN\ (PC14).Mode=LSE-External-Oscillator
PC14-OSC32_IN\ (PC14).Signal=RCC_OSC32_IN
PC15-OSC32_OUT\ (PC15).Locked=true
PC15-OSC32_OUT\ (PC15).Mode=LSE-External-Oscillator
PC15-OSC32_OUT\ (PC15).Signal=RCC_OSC32_OUT
PC6.GPIOParameters=GPIO_Speed,GPIO_Label
PC6.GPIO_Label=PCB_LED
PC6.GPIO_Speed=GPIO_SPEED_FREQ_VERY_HIGH
PC6.Locked=true
PC6.Signal=GPIO_Output
PF0-OSC_IN\ (PF0).Locked=true
PF0-OSC_IN\ (PF0).Mode=HSE-External-Oscillator
PF0-OSC_IN\ (PF0).Signal=RCC_OSC_IN
PF1-OSC_OUT\ (PF1).Locked=true
PF1-OSC_OUT\ (PF1).Mode=HSE-External-Oscillator
PF1-OSC_OUT\ (PF1).Signal=RCC_OSC_OUT
PinOutPanel.RotationAngle=0
ProjectManager.AskForMigrate=true
ProjectManager.BackupPrevious=false
ProjectManager.CompilerLinker=Starm-Clang
ProjectManager.CompilerOptimize=6
ProjectManager.ComputerToolchain=false
ProjectManager.CoupleFile=true
ProjectManager.CustomerFirmwarePackage=
ProjectManager.DefaultFWLocation=true
ProjectManager.DeletePrevious=true
ProjectManager.DeviceId=STM32G0B1CBTx
ProjectManager.FirmwarePackage=STM32Cube FW_G0 V1.6.3
ProjectManager.FreePins=false
ProjectManager.FreePinsContext=
ProjectManager.HalAssertFull=false
ProjectManager.HeapSize=0x400
ProjectManager.KeepUserCode=true
ProjectManager.LastFirmware=true
ProjectManager.LibraryCopy=1
ProjectManager.MainLocation=Core/Src
ProjectManager.NoMain=false
ProjectManager.PreviousToolchain=
ProjectManager.ProjectBuild=false
ProjectManager.ProjectFileName=stm32g0b1cbt6_dev.ioc
ProjectManager.ProjectName=stm32g0b1cbt6_dev
ProjectManager.ProjectStructure=
ProjectManager.RegisterCallBack=
ProjectManager.StackSize=0x400
ProjectManager.TargetToolchain=CMake
ProjectManager.ToolChainLocation=
ProjectManager.UAScriptAfterPath=
ProjectManager.UAScriptBeforePath=
ProjectManager.UnderRoot=false
ProjectManager.functionlistsort=1-SystemClock_Config-RCC-false-HAL-false,2-MX_GPIO_Init-GPIO-false-HAL-true,3-MX_DMA_Init-DMA-false-HAL-true,4-MX_RTC_Init-RTC-false-HAL-true,5-MX_I2S1_Init-I2S1-false-HAL-true,6-MX_LPUART1_UART_Init-LPUART1-false-HAL-true,7-MX_I2C3_Init-I2C3-false-HAL-true,8-MX_SPI2_Init-SPI2-false-HAL-true
RCC.ADCFreq_Value=64000000
RCC.AHBFreq_Value=64000000
RCC.APBFreq_Value=64000000
RCC.APBTimFreq_Value=64000000
RCC.CECFreq_Value=32786.88524590164
RCC.CortexFreq_Value=64000000
RCC.EXTERNAL_CLOCK_VALUE=48000
RCC.FCLKCortexFreq_Value=64000000
RCC.FDCANFreq_Value=64000000
RCC.FamilyName=M
RCC.HCLKFreq_Value=64000000
RCC.HSE_VALUE=8000000
RCC.HSI48_VALUE=48000000
RCC.HSI_VALUE=16000000
RCC.I2C1Freq_Value=64000000
RCC.I2C2Freq_Value=64000000
RCC.I2S1Freq_Value=64000000
RCC.I2S2Freq_Value=64000000
RCC.IPParameters=ADCFreq_Value,AHBFreq_Value,APBFreq_Value,APBTimFreq_Value,CECFreq_Value,CortexFreq_Value,EXTERNAL_CLOCK_VALUE,FCLKCortexFreq_Value,FDCANFreq_Value,FamilyName,HCLKFreq_Value,HSE_VALUE,HSI48_VALUE,HSI_VALUE,I2C1Freq_Value,I2C2Freq_Value,I2S1Freq_Value,I2S2Freq_Value,LPTIM1Freq_Value,LPTIM2Freq_Value,LPUART1Freq_Value,LPUART2Freq_Value,LSCOPinFreq_Value,LSE_Drive_Capability,LSI_VALUE,MCO1PinFreq_Value,MCO2PinFreq_Value,PLLN,PLLPoutputFreq_Value,PLLQ,PLLQoutputFreq_Value,PLLR,PLLRCLKFreq_Value,PLLSourceVirtual,PWRFreq_Value,RTCClockSelection,RTCFreq_Value,RTCWUPFreq_Value,SYSCLKFreq_VALUE,SYSCLKSource,TIM15Freq_Value,TIM1Freq_Value,USART1Freq_Value,USART2Freq_Value,USART3Freq_Value,USBCLockSelection,USBFreq_Value,VCOInputFreq_Value,VCOOutputFreq_Value
RCC.LPTIM1Freq_Value=64000000
RCC.LPTIM2Freq_Value=64000000
RCC.LPUART1Freq_Value=64000000
RCC.LPUART2Freq_Value=64000000
RCC.LSCOPinFreq_Value=32000
RCC.LSE_Drive_Capability=RCC_LSEDRIVE_MEDIUMLOW
RCC.LSI_VALUE=32000
RCC.MCO1PinFreq_Value=64000000
RCC.MCO2PinFreq_Value=64000000
RCC.PLLN=24
RCC.PLLPoutputFreq_Value=96000000
RCC.PLLQ=RCC_PLLQ_DIV4
RCC.PLLQoutputFreq_Value=48000000
RCC.PLLR=RCC_PLLR_DIV3
RCC.PLLRCLKFreq_Value=64000000
RCC.PLLSourceVirtual=RCC_PLLSOURCE_HSE
RCC.PWRFreq_Value=64000000
RCC.RTCClockSelection=RCC_RTCCLKSOURCE_LSE
RCC.RTCFreq_Value=32768
RCC.RTCWUPFreq_Value=32768
RCC.SYSCLKFreq_VALUE=64000000
RCC.SYSCLKSource=RCC_SYSCLKSOURCE_PLLCLK
RCC.TIM15Freq_Value=64000000
RCC.TIM1Freq_Value=64000000
RCC.USART1Freq_Value=64000000
RCC.USART2Freq_Value=64000000
RCC.USART3Freq_Value=64000000
RCC.USBCLockSelection=RCC_USBCLKSOURCE_PLL
RCC.USBFreq_Value=48000000
RCC.VCOInputFreq_Value=8000000
RCC.VCOOutputFreq_Value=192000000
RTC.Date=1
RTC.Format=RTC_FORMAT_BIN
RTC.IPParameters=Year,Month,WeekDay,Format,Date
RTC.Month=RTC_MONTH_JULY
RTC.WeekDay=RTC_WEEKDAY_WEDNESDAY
RTC.Year=26
SPI2.CalculateBaudRate=32.0 MBits/s
SPI2.DataSize=SPI_DATASIZE_8BIT
SPI2.Direction=SPI_DIRECTION_2LINES
SPI2.IPParameters=VirtualType,Mode,Direction,CalculateBaudRate,DataSize
SPI2.Mode=SPI_MODE_MASTER
SPI2.VirtualType=VM_MASTER
VP_RTC_VS_RTC_Activate.Mode=RTC_Enabled
VP_RTC_VS_RTC_Activate.Signal=RTC_VS_RTC_Activate
VP_RTC_VS_RTC_Calendar.Mode=RTC_Calendar
VP_RTC_VS_RTC_Calendar.Signal=RTC_VS_RTC_Calendar
VP_SYS_VS_DBSignals.Mode=DisableDeadBatterySignals
VP_SYS_VS_DBSignals.Signal=SYS_VS_DBSignals
VP_SYS_VS_Systick.Mode=SysTick
VP_SYS_VS_Systick.Signal=SYS_VS_Systick
board=custom
